{
  "name": "@linkurious/code-tools",
  "version": "0.0.8",
  "lockfileVersion": 2,
  "requires": true,
  "packages": {
    "": {
      "name": "@linkurious/code-tools",
      "version": "0.0.8",
      "license": "Apache-2.0",
      "bin": {
        "copy_npmrc": "bin/copy_npmrc.js",
        "sync_versions": "bin/sync_versions.js"
      },
      "devDependencies": {
        "chalk": "^5.0.0",
        "minimist": "^1.2.6"
      },
      "engines": {
        "node": "16.15.0",
        "npm": "8.5.5"
      }
    },
    "node_modules/chalk": {
      "version": "5.0.0",
      "resolved": "https://nexus3.linkurious.net/repository/npm/chalk/-/chalk-5.0.0.tgz",
      "integrity": "sha512-/duVOqst+luxCQRKEo4bNxinsOQtMP80ZYm7mMqzuh5PociNL0PvmHFvREJ9ueYL2TxlHjBcmLCdmocx9Vg+IQ==",
      "dev": true,
      "license": "MIT",
      "engines": {
        "node": "^12.17.0 || ^14.13 || >=16.0.0"
      },
      "funding": {
        "url": "https://github.com/chalk/chalk?sponsor=1"
      }
    },
    "node_modules/minimist": {
      "version": "1.2.6",
      "resolved": "https://nexus3.linkurious.net/repository/npm/minimist/-/minimist-1.2.6.tgz",
      "integrity": "sha512-Jsjnk4bw3YJqYzbdyBiNsPWHPfO++UGG749Cxs6peCu5Xg4nrena6OVxOYxrQTqww0Jmwt+Ref8rggumkTLz9Q==",
      "dev": true,
      "license": "MIT"
    }
  },
  "dependencies": {
    "chalk": {
      "version": "5.0.0",
      "resolved": "https://nexus3.linkurious.net/repository/npm/chalk/-/chalk-5.0.0.tgz",
      "integrity": "sha512-/duVOqst+luxCQRKEo4bNxinsOQtMP80ZYm7mMqzuh5PociNL0PvmHFvREJ9ueYL2TxlHjBcmLCdmocx9Vg+IQ==",
      "dev": true
    },
    "minimist": {
      "version": "1.2.6",
      "resolved": "https://nexus3.linkurious.net/repository/npm/minimist/-/minimist-1.2.6.tgz",
      "integrity": "sha512-Jsjnk4bw3YJqYzbdyBiNsPWHPfO++UGG749Cxs6peCu5Xg4nrena6OVxOYxrQTqww0Jmwt+Ref8rggumkTLz9Q==",
      "dev": true
    }
  }
}
