{
  "name": "@linkurious/code-tools",
  "version": "0.2.1",
  "lockfileVersion": 3,
  "requires": true,
  "packages": {
    "": {
      "name": "@linkurious/code-tools",
      "version": "0.2.1",
      "license": "Apache-2.0",
      "dependencies": {
        "chalk": "6.0.0"
      },
      "bin": {
        "copy_npmrc": "bin/copy_npmrc.js",
        "sync_versions": "bin/sync_versions.js"
      }
    },
    "node_modules/chalk": {
      "version": "6.0.0",
      "resolved": "https://registry.npmjs.org/chalk/-/chalk-6.0.0.tgz",
      "integrity": "sha512-2uNTXIuTTxk7ciZgAU1BQcgnchcG0xXnrs6jzkQfj9SsRa9M2s5zE8WT96hS6KmG4MzWHSrvH43DF1m4XRkrFg==",
      "license": "MIT",
      "engines": {
        "node": ">=22"
      },
      "funding": {
        "url": "https://github.com/chalk/chalk?sponsor=1"
      }
    }
  }
}
