{
  "name": "@linkurious/code-tools",
  "version": "0.0.15",
  "lockfileVersion": 2,
  "requires": true,
  "packages": {
    "": {
      "name": "@linkurious/code-tools",
      "version": "0.0.15",
      "license": "Apache-2.0",
      "bin": {
        "copy_npmrc": "bin/copy_npmrc.js",
        "sync_versions": "bin/sync_versions.js"
      },
      "devDependencies": {
        "chalk": "^5.0.0",
        "minimist": "^1.2.6"
      },
      "engines": {
        "node": "18.14.2"
      }
    },
    "node_modules/chalk": {
      "version": "5.0.0",
      "resolved": "https://nexus3.linkurious.net/repository/npm/chalk/-/chalk-5.0.0.tgz",
      "integrity": "sha512-/duVOqst+luxCQRKEo4bNxinsOQtMP80ZYm7mMqzuh5PociNL0PvmHFvREJ9ueYL2TxlHjBcmLCdmocx9Vg+IQ==",
      "dev": true,
      "license": "MIT",
      "engines": {
        "node": "^12.17.0 || ^14.13 || >=16.0.0"
      },
      "funding": {
        "url": "https://github.com/chalk/chalk?sponsor=1"
      }
    },
    "node_modules/minimist": {
      "version": "1.2.8",
      "resolved": "https://nexus3.linkurious.net/repository/npm/minimist/-/minimist-1.2.8.tgz",
      "integrity": "sha512-2yyAR8qBkN3YuheJanUpWC5U3bb5osDywNB8RzDVlDwDHbocAJveqqj1u8+SVD7jkWT4yvsHCpWqqWqAxb0zCA==",
      "dev": true,
      "license": "MIT",
      "funding": {
        "url": "https://github.com/sponsors/ljharb"
      }
    }
  },
  "dependencies": {
    "chalk": {
      "version": "5.0.0",
      "resolved": "https://nexus3.linkurious.net/repository/npm/chalk/-/chalk-5.0.0.tgz",
      "integrity": "sha512-/duVOqst+luxCQRKEo4bNxinsOQtMP80ZYm7mMqzuh5PociNL0PvmHFvREJ9ueYL2TxlHjBcmLCdmocx9Vg+IQ==",
      "dev": true
    },
    "minimist": {
      "version": "1.2.8",
      "resolved": "https://nexus3.linkurious.net/repository/npm/minimist/-/minimist-1.2.8.tgz",
      "integrity": "sha512-2yyAR8qBkN3YuheJanUpWC5U3bb5osDywNB8RzDVlDwDHbocAJveqqj1u8+SVD7jkWT4yvsHCpWqqWqAxb0zCA==",
      "dev": true
    }
  }
}
